// !$*UTF8*$!
{
	archiveVersion = 1;
	classes = {
	};
	objectVersion = 45;
	objects = {

/* Begin PBXBuildFile section */
		57551D5A0F4DE1CA0046B0EE /* Foundation.framework in Frameworks */ = {isa = PBXBuildFile; fileRef = 1D30AB110D05D00D00671497 /* Foundation.framework */; };
		57551D5B0F4DE1CA0046B0EE /* UIKit.framework in Frameworks */ = {isa = PBXBuildFile; fileRef = 1DF5F4DF0D08C38300B7A737 /* UIKit.framework */; };
		57551D5C0F4DE1CA0046B0EE /* CoreGraphics.framework in Frameworks */ = {isa = PBXBuildFile; fileRef = 288765FC0DF74451002DB57D /* CoreGraphics.framework */; };
		57551D5E0F4DE21E0046B0EE /* QuartzCore.framework in Frameworks */ = {isa = PBXBuildFile; fileRef = 57551D5D0F4DE21E0046B0EE /* QuartzCore.framework */; };
		57551EE80F4E0D4D0046B0EE /* ControllerSupport.h in Headers */ = {isa = PBXBuildFile; fileRef = 57551E790F4E0D4D0046B0EE /* ControllerSupport.h */; };
		57551EE90F4E0D4D0046B0EE /* ZNSyncController.h in Headers */ = {isa = PBXBuildFile; fileRef = 57551E7A0F4E0D4D0046B0EE /* ZNSyncController.h */; };
		57551EEA0F4E0D4D0046B0EE /* ZNSyncController.m in Sources */ = {isa = PBXBuildFile; fileRef = 57551E7B0F4E0D4D0046B0EE /* ZNSyncController.m */; };
		57551EEC0F4E0D4D0046B0EE /* ZNTargetActionPair.h in Headers */ = {isa = PBXBuildFile; fileRef = 57551E7D0F4E0D4D0046B0EE /* ZNTargetActionPair.h */; };
		57551EED0F4E0D4D0046B0EE /* ZNTargetActionPair.m in Sources */ = {isa = PBXBuildFile; fileRef = 57551E7E0F4E0D4D0046B0EE /* ZNTargetActionPair.m */; };
		57551EEF0F4E0D4D0046B0EE /* ZNTargetActionSet.h in Headers */ = {isa = PBXBuildFile; fileRef = 57551E800F4E0D4D0046B0EE /* ZNTargetActionSet.h */; };
		57551EF00F4E0D4D0046B0EE /* ZNTargetActionSet.m in Sources */ = {isa = PBXBuildFile; fileRef = 57551E810F4E0D4D0046B0EE /* ZNTargetActionSet.m */; };
		57551EF20F4E0D4D0046B0EE /* ZNTargetActionSite.h in Headers */ = {isa = PBXBuildFile; fileRef = 57551E830F4E0D4D0046B0EE /* ZNTargetActionSite.h */; };
		57551EF30F4E0D4D0046B0EE /* FormatSupport.h in Headers */ = {isa = PBXBuildFile; fileRef = 57551E850F4E0D4D0046B0EE /* FormatSupport.h */; };
		57551EF40F4E0D4D0046B0EE /* ZNArrayCsvParser.h in Headers */ = {isa = PBXBuildFile; fileRef = 57551E860F4E0D4D0046B0EE /* ZNArrayCsvParser.h */; };
		57551EF50F4E0D4D0046B0EE /* ZNArrayCsvParser.m in Sources */ = {isa = PBXBuildFile; fileRef = 57551E870F4E0D4D0046B0EE /* ZNArrayCsvParser.m */; };
		57551EF70F4E0D4D0046B0EE /* ZNDictionaryXmlParser.h in Headers */ = {isa = PBXBuildFile; fileRef = 57551E8A0F4E0D4D0046B0EE /* ZNDictionaryXmlParser.h */; };
		57551EF80F4E0D4D0046B0EE /* ZNDictionaryXmlParser.m in Sources */ = {isa = PBXBuildFile; fileRef = 57551E8B0F4E0D4D0046B0EE /* ZNDictionaryXmlParser.m */; };
		57551EFA0F4E0D4D0046B0EE /* ZNFormatterCasing.h in Headers */ = {isa = PBXBuildFile; fileRef = 57551E8E0F4E0D4D0046B0EE /* ZNFormatterCasing.h */; };
		57551EFB0F4E0D4D0046B0EE /* ZNFormFieldFormatter+Snake2LCamel.h in Headers */ = {isa = PBXBuildFile; fileRef = 57551E8F0F4E0D4D0046B0EE /* ZNFormFieldFormatter+Snake2LCamel.h */; };
		57551EFC0F4E0D4D0046B0EE /* ZNFormFieldFormatter+Snake2LCamel.m in Sources */ = {isa = PBXBuildFile; fileRef = 57551E900F4E0D4D0046B0EE /* ZNFormFieldFormatter+Snake2LCamel.m */; };
		57551EFE0F4E0D4D0046B0EE /* ZNFormFieldFormatter.h in Headers */ = {isa = PBXBuildFile; fileRef = 57551E920F4E0D4D0046B0EE /* ZNFormFieldFormatter.h */; };
		57551EFF0F4E0D4D0046B0EE /* ZNFormFieldFormatter.m in Sources */ = {isa = PBXBuildFile; fileRef = 57551E930F4E0D4D0046B0EE /* ZNFormFieldFormatter.m */; };
		57551F010F4E0D4D0046B0EE /* ZNFormURLEncoder.h in Headers */ = {isa = PBXBuildFile; fileRef = 57551E950F4E0D4D0046B0EE /* ZNFormURLEncoder.h */; };
		57551F020F4E0D4D0046B0EE /* ZNFormURLEncoder.m in Sources */ = {isa = PBXBuildFile; fileRef = 57551E960F4E0D4D0046B0EE /* ZNFormURLEncoder.m */; };
		57551F040F4E0D4D0046B0EE /* ZNModelCsvParser.h in Headers */ = {isa = PBXBuildFile; fileRef = 57551E980F4E0D4D0046B0EE /* ZNModelCsvParser.h */; };
		57551F050F4E0D4D0046B0EE /* ZNModelCsvParser.m in Sources */ = {isa = PBXBuildFile; fileRef = 57551E990F4E0D4D0046B0EE /* ZNModelCsvParser.m */; };
		57551F070F4E0D4D0046B0EE /* ZNModelXmlParser.h in Headers */ = {isa = PBXBuildFile; fileRef = 57551E9C0F4E0D4D0046B0EE /* ZNModelXmlParser.h */; };
		57551F080F4E0D4D0046B0EE /* ZNModelXmlParser.m in Sources */ = {isa = PBXBuildFile; fileRef = 57551E9D0F4E0D4D0046B0EE /* ZNModelXmlParser.m */; };
		57551F0A0F4E0D4D0046B0EE /* ModelSupport.h in Headers */ = {isa = PBXBuildFile; fileRef = 57551EA30F4E0D4D0046B0EE /* ModelSupport.h */; };
		57551F0B0F4E0D4D0046B0EE /* ZNModel.h in Headers */ = {isa = PBXBuildFile; fileRef = 57551EA40F4E0D4D0046B0EE /* ZNModel.h */; };
		57551F0C0F4E0D4D0046B0EE /* ZNModel.m in Sources */ = {isa = PBXBuildFile; fileRef = 57551EA50F4E0D4D0046B0EE /* ZNModel.m */; };
		57551F0D0F4E0D4D0046B0EE /* ZNModelDefinition.h in Headers */ = {isa = PBXBuildFile; fileRef = 57551EA60F4E0D4D0046B0EE /* ZNModelDefinition.h */; };
		57551F0E0F4E0D4D0046B0EE /* ZNModelDefinition.m in Sources */ = {isa = PBXBuildFile; fileRef = 57551EA70F4E0D4D0046B0EE /* ZNModelDefinition.m */; };
		57551F0F0F4E0D4D0046B0EE /* ZNModelDefinitionAttribute.h in Headers */ = {isa = PBXBuildFile; fileRef = 57551EA80F4E0D4D0046B0EE /* ZNModelDefinitionAttribute.h */; };
		57551F100F4E0D4D0046B0EE /* ZNModelDefinitionAttribute.m in Sources */ = {isa = PBXBuildFile; fileRef = 57551EA90F4E0D4D0046B0EE /* ZNModelDefinitionAttribute.m */; };
		57551F140F4E0D4D0046B0EE /* ZNMSAttributeType.h in Headers */ = {isa = PBXBuildFile; fileRef = 57551EAD0F4E0D4D0046B0EE /* ZNMSAttributeType.h */; };
		57551F150F4E0D4D0046B0EE /* ZNMSAttributeType.m in Sources */ = {isa = PBXBuildFile; fileRef = 57551EAE0F4E0D4D0046B0EE /* ZNMSAttributeType.m */; };
		57551F160F4E0D4D0046B0EE /* ZNMSBoolean.h in Headers */ = {isa = PBXBuildFile; fileRef = 57551EAF0F4E0D4D0046B0EE /* ZNMSBoolean.h */; };
		57551F170F4E0D4D0046B0EE /* ZNMSBoolean.m in Sources */ = {isa = PBXBuildFile; fileRef = 57551EB00F4E0D4D0046B0EE /* ZNMSBoolean.m */; };
		57551F180F4E0D4D0046B0EE /* ZNMSDate.h in Headers */ = {isa = PBXBuildFile; fileRef = 57551EB10F4E0D4D0046B0EE /* ZNMSDate.h */; };
		57551F190F4E0D4D0046B0EE /* ZNMSDate.m in Sources */ = {isa = PBXBuildFile; fileRef = 57551EB20F4E0D4D0046B0EE /* ZNMSDate.m */; };
		57551F1A0F4E0D4D0046B0EE /* ZNMSDouble.h in Headers */ = {isa = PBXBuildFile; fileRef = 57551EB30F4E0D4D0046B0EE /* ZNMSDouble.h */; };
		57551F1B0F4E0D4D0046B0EE /* ZNMSDouble.m in Sources */ = {isa = PBXBuildFile; fileRef = 57551EB40F4E0D4D0046B0EE /* ZNMSDouble.m */; };
		57551F1C0F4E0D4D0046B0EE /* ZNMSInteger.h in Headers */ = {isa = PBXBuildFile; fileRef = 57551EB50F4E0D4D0046B0EE /* ZNMSInteger.h */; };
		57551F1D0F4E0D4D0046B0EE /* ZNMSInteger.m in Sources */ = {isa = PBXBuildFile; fileRef = 57551EB60F4E0D4D0046B0EE /* ZNMSInteger.m */; };
		57551F1E0F4E0D4D0046B0EE /* ZNMSRegistry.h in Headers */ = {isa = PBXBuildFile; fileRef = 57551EB70F4E0D4D0046B0EE /* ZNMSRegistry.h */; };
		57551F1F0F4E0D4D0046B0EE /* ZNMSRegistry.m in Sources */ = {isa = PBXBuildFile; fileRef = 57551EB80F4E0D4D0046B0EE /* ZNMSRegistry.m */; };
		57551F210F4E0D4D0046B0EE /* ZNMSString.h in Headers */ = {isa = PBXBuildFile; fileRef = 57551EBA0F4E0D4D0046B0EE /* ZNMSString.h */; };
		57551F220F4E0D4D0046B0EE /* ZNMSString.m in Sources */ = {isa = PBXBuildFile; fileRef = 57551EBB0F4E0D4D0046B0EE /* ZNMSString.m */; };
		57551F230F4E0D4D0046B0EE /* ZNMSUInteger.h in Headers */ = {isa = PBXBuildFile; fileRef = 57551EBC0F4E0D4D0046B0EE /* ZNMSUInteger.h */; };
		57551F240F4E0D4D0046B0EE /* ZNMSUInteger.m in Sources */ = {isa = PBXBuildFile; fileRef = 57551EBD0F4E0D4D0046B0EE /* ZNMSUInteger.m */; };
		57551F3B0F4E0D4D0046B0EE /* WebSupport.h in Headers */ = {isa = PBXBuildFile; fileRef = 57551EDA0F4E0D4D0046B0EE /* WebSupport.h */; };
		57551F3C0F4E0D4D0046B0EE /* ZNCsvHttpRequest.h in Headers */ = {isa = PBXBuildFile; fileRef = 57551EDB0F4E0D4D0046B0EE /* ZNCsvHttpRequest.h */; };
		57551F3D0F4E0D4D0046B0EE /* ZNCsvHttpRequest.m in Sources */ = {isa = PBXBuildFile; fileRef = 57551EDC0F4E0D4D0046B0EE /* ZNCsvHttpRequest.m */; };
		57551F3F0F4E0D4D0046B0EE /* ZNHttpRequest.h in Headers */ = {isa = PBXBuildFile; fileRef = 57551EDF0F4E0D4D0046B0EE /* ZNHttpRequest.h */; };
		57551F400F4E0D4D0046B0EE /* ZNHttpRequest.m in Sources */ = {isa = PBXBuildFile; fileRef = 57551EE00F4E0D4D0046B0EE /* ZNHttpRequest.m */; };
		57551F420F4E0D4D0046B0EE /* ZNXmlHttpRequest.h in Headers */ = {isa = PBXBuildFile; fileRef = 57551EE30F4E0D4D0046B0EE /* ZNXmlHttpRequest.h */; };
		57551F430F4E0D4D0046B0EE /* ZNXmlHttpRequest.m in Sources */ = {isa = PBXBuildFile; fileRef = 57551EE40F4E0D4D0046B0EE /* ZNXmlHttpRequest.m */; };
		57551F4C0F4E0D4D0046B0EE /* ZNArrayCsvParserTest.csv in Resources */ = {isa = PBXBuildFile; fileRef = 57551E880F4E0D4D0046B0EE /* ZNArrayCsvParserTest.csv */; };
		57551F500F4E0D4D0046B0EE /* ZNDictionaryXmlParserTest.xml in Resources */ = {isa = PBXBuildFile; fileRef = 57551E8D0F4E0D4D0046B0EE /* ZNDictionaryXmlParserTest.xml */; };
		57551F580F4E0D4D0046B0EE /* ZNModelCsvParserTest.csv in Resources */ = {isa = PBXBuildFile; fileRef = 57551E9A0F4E0D4D0046B0EE /* ZNModelCsvParserTest.csv */; };
		57551F5C0F4E0D4D0046B0EE /* ZNModelXmlParserTest.xml in Resources */ = {isa = PBXBuildFile; fileRef = 57551E9F0F4E0D4D0046B0EE /* ZNModelXmlParserTest.xml */; };
		57551F7A0F4E0D4D0046B0EE /* SenTestCase+FixturesTest.xml in Resources */ = {isa = PBXBuildFile; fileRef = 57551ED70F4E0D4D0046B0EE /* SenTestCase+FixturesTest.xml */; };
		57551F7C0F4E0D4D0046B0EE /* ZNCsvHttpRequestTest.csv in Resources */ = {isa = PBXBuildFile; fileRef = 57551EDD0F4E0D4D0046B0EE /* ZNCsvHttpRequestTest.csv */; };
		57551F800F4E0D4D0046B0EE /* ZNHttpRequestTest.put in Resources */ = {isa = PBXBuildFile; fileRef = 57551EE20F4E0D4D0046B0EE /* ZNHttpRequestTest.put */; };
		57551F820F4E0D4D0046B0EE /* ZNXmlHttpRequestTest.body in Resources */ = {isa = PBXBuildFile; fileRef = 57551EE50F4E0D4D0046B0EE /* ZNXmlHttpRequestTest.body */; };
		57551F840F4E0D4D0046B0EE /* ZNXmlHttpRequestTest.xml in Resources */ = {isa = PBXBuildFile; fileRef = 57551EE70F4E0D4D0046B0EE /* ZNXmlHttpRequestTest.xml */; };
		57551FC20F4E101B0046B0EE /* GTMCALayer+UnitTesting.h in Headers */ = {isa = PBXBuildFile; fileRef = 57551EC30F4E0D4D0046B0EE /* GTMCALayer+UnitTesting.h */; };
		57551FC30F4E101C0046B0EE /* GTMCALayer+UnitTesting.m in Sources */ = {isa = PBXBuildFile; fileRef = 57551EC40F4E0D4D0046B0EE /* GTMCALayer+UnitTesting.m */; };
		57551FC40F4E101E0046B0EE /* GTMDefines.h in Headers */ = {isa = PBXBuildFile; fileRef = 57551EC50F4E0D4D0046B0EE /* GTMDefines.h */; };
		57551FC50F4E101F0046B0EE /* GTMGarbageCollection.h in Headers */ = {isa = PBXBuildFile; fileRef = 57551EC60F4E0D4D0046B0EE /* GTMGarbageCollection.h */; };
		57551FC60F4E10200046B0EE /* GTMIPhoneUnitTestDelegate.h in Headers */ = {isa = PBXBuildFile; fileRef = 57551EC70F4E0D4D0046B0EE /* GTMIPhoneUnitTestDelegate.h */; };
		57551FC70F4E10210046B0EE /* GTMIPhoneUnitTestDelegate.m in Sources */ = {isa = PBXBuildFile; fileRef = 57551EC80F4E0D4D0046B0EE /* GTMIPhoneUnitTestDelegate.m */; };
		57551FC80F4E10220046B0EE /* GTMIPhoneUnitTestMain.m in Sources */ = {isa = PBXBuildFile; fileRef = 57551EC90F4E0D4D0046B0EE /* GTMIPhoneUnitTestMain.m */; };
		57551FC90F4E10230046B0EE /* GTMNSObject+UnitTesting.h in Headers */ = {isa = PBXBuildFile; fileRef = 57551ECA0F4E0D4D0046B0EE /* GTMNSObject+UnitTesting.h */; };
		57551FCA0F4E10240046B0EE /* GTMNSObject+UnitTesting.m in Sources */ = {isa = PBXBuildFile; fileRef = 57551ECB0F4E0D4D0046B0EE /* GTMNSObject+UnitTesting.m */; };
		57551FCB0F4E102A0046B0EE /* GTMSenTestCase.h in Headers */ = {isa = PBXBuildFile; fileRef = 57551ECC0F4E0D4D0046B0EE /* GTMSenTestCase.h */; };
		57551FCC0F4E102D0046B0EE /* GTMSenTestCase.m in Sources */ = {isa = PBXBuildFile; fileRef = 57551ECD0F4E0D4D0046B0EE /* GTMSenTestCase.m */; };
		57551FCD0F4E102F0046B0EE /* GTMSystemVersion.h in Headers */ = {isa = PBXBuildFile; fileRef = 57551ECE0F4E0D4D0046B0EE /* GTMSystemVersion.h */; };
		57551FCE0F4E102F0046B0EE /* GTMSystemVersion.m in Sources */ = {isa = PBXBuildFile; fileRef = 57551ECF0F4E0D4D0046B0EE /* GTMSystemVersion.m */; };
		57551FCF0F4E102F0046B0EE /* GTMUIKit+UnitTesting.h in Headers */ = {isa = PBXBuildFile; fileRef = 57551ED00F4E0D4D0046B0EE /* GTMUIKit+UnitTesting.h */; };
		57551FD10F4E10340046B0EE /* GTMUIKit+UnitTesting.m in Sources */ = {isa = PBXBuildFile; fileRef = 57551ED10F4E0D4D0046B0EE /* GTMUIKit+UnitTesting.m */; };
		57551FF40F4E10E90046B0EE /* SenTestCase+Fixtures.h in Headers */ = {isa = PBXBuildFile; fileRef = 57551ED40F4E0D4D0046B0EE /* SenTestCase+Fixtures.h */; };
		57551FF50F4E10EA0046B0EE /* SenTestCase+Fixtures.m in Sources */ = {isa = PBXBuildFile; fileRef = 57551ED50F4E0D4D0046B0EE /* SenTestCase+Fixtures.m */; };
		57551FF60F4E10EB0046B0EE /* SenTestCase+FixturesTest.m in Sources */ = {isa = PBXBuildFile; fileRef = 57551ED60F4E0D4D0046B0EE /* SenTestCase+FixturesTest.m */; };
		57551FF70F4E10ED0046B0EE /* TestSupport.h in Headers */ = {isa = PBXBuildFile; fileRef = 57551ED80F4E0D4D0046B0EE /* TestSupport.h */; };
		575520050F4E11630046B0EE /* ZNSyncControllerTest.m in Sources */ = {isa = PBXBuildFile; fileRef = 57551E7C0F4E0D4D0046B0EE /* ZNSyncControllerTest.m */; };
		575520060F4E11630046B0EE /* ZNTargetActionPairTest.m in Sources */ = {isa = PBXBuildFile; fileRef = 57551E7F0F4E0D4D0046B0EE /* ZNTargetActionPairTest.m */; };
		575520070F4E11630046B0EE /* ZNTargetActionSetTest.m in Sources */ = {isa = PBXBuildFile; fileRef = 57551E820F4E0D4D0046B0EE /* ZNTargetActionSetTest.m */; };
		575520080F4E11630046B0EE /* ZNArrayCsvParserTest.m in Sources */ = {isa = PBXBuildFile; fileRef = 57551E890F4E0D4D0046B0EE /* ZNArrayCsvParserTest.m */; };
		575520090F4E11630046B0EE /* ZNDictionaryXmlParserTest.m in Sources */ = {isa = PBXBuildFile; fileRef = 57551E8C0F4E0D4D0046B0EE /* ZNDictionaryXmlParserTest.m */; };
		5755200A0F4E11630046B0EE /* ZNFormFieldFormatter+Snake2LCamelTest.m in Sources */ = {isa = PBXBuildFile; fileRef = 57551E910F4E0D4D0046B0EE /* ZNFormFieldFormatter+Snake2LCamelTest.m */; };
		5755200B0F4E11630046B0EE /* ZNFormFieldFormatterTest.m in Sources */ = {isa = PBXBuildFile; fileRef = 57551E940F4E0D4D0046B0EE /* ZNFormFieldFormatterTest.m */; };
		5755200C0F4E11630046B0EE /* ZNFormURLEncoderTest.m in Sources */ = {isa = PBXBuildFile; fileRef = 57551E970F4E0D4D0046B0EE /* ZNFormURLEncoderTest.m */; };
		5755200D0F4E11630046B0EE /* ZNModelCsvParserTest.m in Sources */ = {isa = PBXBuildFile; fileRef = 57551E9B0F4E0D4D0046B0EE /* ZNModelCsvParserTest.m */; };
		5755200E0F4E11630046B0EE /* ZNModelXmlParserTest.m in Sources */ = {isa = PBXBuildFile; fileRef = 57551E9E0F4E0D4D0046B0EE /* ZNModelXmlParserTest.m */; };
		5755200F0F4E11630046B0EE /* ZNModelDefinitionAttributeTest.m in Sources */ = {isa = PBXBuildFile; fileRef = 57551EAA0F4E0D4D0046B0EE /* ZNModelDefinitionAttributeTest.m */; };
		575520100F4E11630046B0EE /* ZNModelDefinitionTest.m in Sources */ = {isa = PBXBuildFile; fileRef = 57551EAB0F4E0D4D0046B0EE /* ZNModelDefinitionTest.m */; };
		575520110F4E11630046B0EE /* ZNModelTest.m in Sources */ = {isa = PBXBuildFile; fileRef = 57551EAC0F4E0D4D0046B0EE /* ZNModelTest.m */; };
		575520120F4E11630046B0EE /* ZNMSRegistryTest.m in Sources */ = {isa = PBXBuildFile; fileRef = 57551EB90F4E0D4D0046B0EE /* ZNMSRegistryTest.m */; };
		575520130F4E11630046B0EE /* ZNCsvHttpRequestTest.m in Sources */ = {isa = PBXBuildFile; fileRef = 57551EDE0F4E0D4D0046B0EE /* ZNCsvHttpRequestTest.m */; };
		575520140F4E11630046B0EE /* ZNHttpRequestTest.m in Sources */ = {isa = PBXBuildFile; fileRef = 57551EE10F4E0D4D0046B0EE /* ZNHttpRequestTest.m */; };
		575520150F4E11630046B0EE /* ZNXmlHttpRequestTest.m in Sources */ = {isa = PBXBuildFile; fileRef = 57551EE60F4E0D4D0046B0EE /* ZNXmlHttpRequestTest.m */; };
		5755201A0F4E11BE0046B0EE /* ZNTestModels.m in Sources */ = {isa = PBXBuildFile; fileRef = 57551EBF0F4E0D4D0046B0EE /* ZNTestModels.m */; };
		575520A60F4E17D80046B0EE /* Foundation.framework in Frameworks */ = {isa = PBXBuildFile; fileRef = 1D30AB110D05D00D00671497 /* Foundation.framework */; };
		575520A70F4E17D80046B0EE /* UIKit.framework in Frameworks */ = {isa = PBXBuildFile; fileRef = 1DF5F4DF0D08C38300B7A737 /* UIKit.framework */; };
		575520A80F4E17D80046B0EE /* CoreGraphics.framework in Frameworks */ = {isa = PBXBuildFile; fileRef = 288765FC0DF74451002DB57D /* CoreGraphics.framework */; };
		575520A90F4E17D80046B0EE /* QuartzCore.framework in Frameworks */ = {isa = PBXBuildFile; fileRef = 57551D5D0F4DE21E0046B0EE /* QuartzCore.framework */; };
		575520AA0F4E17E30046B0EE /* Foundation.framework in Frameworks */ = {isa = PBXBuildFile; fileRef = 1D30AB110D05D00D00671497 /* Foundation.framework */; };
		575520AB0F4E17E30046B0EE /* UIKit.framework in Frameworks */ = {isa = PBXBuildFile; fileRef = 1DF5F4DF0D08C38300B7A737 /* UIKit.framework */; };
		575520AC0F4E17E30046B0EE /* CoreGraphics.framework in Frameworks */ = {isa = PBXBuildFile; fileRef = 288765FC0DF74451002DB57D /* CoreGraphics.framework */; };
		575520AD0F4E17E30046B0EE /* QuartzCore.framework in Frameworks */ = {isa = PBXBuildFile; fileRef = 57551D5D0F4DE21E0046B0EE /* QuartzCore.framework */; };
		575520B80F4E18A10046B0EE /* libZergSupport.a in Frameworks */ = {isa = PBXBuildFile; fileRef = 57551CB90F4DE19D0046B0EE /* libZergSupport.a */; };
		575520B90F4E18B40046B0EE /* libZergTestSupport.a in Frameworks */ = {isa = PBXBuildFile; fileRef = 57551FB70F4E0EBA0046B0EE /* libZergTestSupport.a */; };
/* End PBXBuildFile section */

/* Begin PBXContainerItemProxy section */
		57551FBB0F4E0EDA0046B0EE /* PBXContainerItemProxy */ = {
			isa = PBXContainerItemProxy;
			containerPortal = 29B97313FDCFA39411CA2CEA /* Project object */;
			proxyType = 1;
			remoteGlobalIDString = 57551CB80F4DE19D0046B0EE /* ZergSupport */;
			remoteInfo = ZergSupport;
		};
		57551FBD0F4E0EEE0046B0EE /* PBXContainerItemProxy */ = {
			isa = PBXContainerItemProxy;
			containerPortal = 29B97313FDCFA39411CA2CEA /* Project object */;
			proxyType = 1;
			remoteGlobalIDString = 57551FB60F4E0EBA0046B0EE /* ZergTestSupport */;
			remoteInfo = ZergTestSupport;
		};
/* End PBXContainerItemProxy section */

/* Begin PBXFileReference section */
		1D30AB110D05D00D00671497 /* Foundation.framework */ = {isa = PBXFileReference; lastKnownFileType = wrapper.framework; name = Foundation.framework; path = System/Library/Frameworks/Foundation.framework; sourceTree = SDKROOT; };
		1DF5F4DF0D08C38300B7A737 /* UIKit.framework */ = {isa = PBXFileReference; lastKnownFileType = wrapper.framework; name = UIKit.framework; path = System/Library/Frameworks/UIKit.framework; sourceTree = SDKROOT; };
		288765FC0DF74451002DB57D /* CoreGraphics.framework */ = {isa = PBXFileReference; lastKnownFileType = wrapper.framework; name = CoreGraphics.framework; path = System/Library/Frameworks/CoreGraphics.framework; sourceTree = SDKROOT; };
		28AD733E0D9D9553002E5188 /* MainWindow.xib */ = {isa = PBXFileReference; lastKnownFileType = file.xib; path = MainWindow.xib; sourceTree = "<group>"; };
		32CA4F630368D1EE00C91783 /* ZergSupport_Prefix.pch */ = {isa = PBXFileReference; fileEncoding = 4; lastKnownFileType = sourcecode.c.h; path = ZergSupport_Prefix.pch; sourceTree = "<group>"; };
		57551CB90F4DE19D0046B0EE /* libZergSupport.a */ = {isa = PBXFileReference; explicitFileType = archive.ar; includeInIndex = 0; path = libZergSupport.a; sourceTree = BUILT_PRODUCTS_DIR; };
		57551D5D0F4DE21E0046B0EE /* QuartzCore.framework */ = {isa = PBXFileReference; lastKnownFileType = wrapper.framework; name = QuartzCore.framework; path = System/Library/Frameworks/QuartzCore.framework; sourceTree = SDKROOT; };
		57551E3A0F4E0AE60046B0EE /* ZergSupportTests.app */ = {isa = PBXFileReference; explicitFileType = wrapper.application; includeInIndex = 0; path = ZergSupportTests.app; sourceTree = BUILT_PRODUCTS_DIR; };
		57551E3C0F4E0AE60046B0EE /* ZergSupportTests-Info.plist */ = {isa = PBXFileReference; lastKnownFileType = text.plist.xml; path = "ZergSupportTests-Info.plist"; sourceTree = "<group>"; };
		57551E790F4E0D4D0046B0EE /* ControllerSupport.h */ = {isa = PBXFileReference; fileEncoding = 4; lastKnownFileType = sourcecode.c.h; path = ControllerSupport.h; sourceTree = "<group>"; };
		57551E7A0F4E0D4D0046B0EE /* ZNSyncController.h */ = {isa = PBXFileReference; fileEncoding = 4; lastKnownFileType = sourcecode.c.h; path = ZNSyncController.h; sourceTree = "<group>"; };
		57551E7B0F4E0D4D0046B0EE /* ZNSyncController.m */ = {isa = PBXFileReference; fileEncoding = 4; lastKnownFileType = sourcecode.c.objc; path = ZNSyncController.m; sourceTree = "<group>"; };
		57551E7C0F4E0D4D0046B0EE /* ZNSyncControllerTest.m */ = {isa = PBXFileReference; fileEncoding = 4; lastKnownFileType = sourcecode.c.objc; path = ZNSyncControllerTest.m; sourceTree = "<group>"; };
		57551E7D0F4E0D4D0046B0EE /* ZNTargetActionPair.h */ = {isa = PBXFileReference; fileEncoding = 4; lastKnownFileType = sourcecode.c.h; path = ZNTargetActionPair.h; sourceTree = "<group>"; };
		57551E7E0F4E0D4D0046B0EE /* ZNTargetActionPair.m */ = {isa = PBXFileReference; fileEncoding = 4; lastKnownFileType = sourcecode.c.objc; path = ZNTargetActionPair.m; sourceTree = "<group>"; };
		57551E7F0F4E0D4D0046B0EE /* ZNTargetActionPairTest.m */ = {isa = PBXFileReference; fileEncoding = 4; lastKnownFileType = sourcecode.c.objc; path = ZNTargetActionPairTest.m; sourceTree = "<group>"; };
		57551E800F4E0D4D0046B0EE /* ZNTargetActionSet.h */ = {isa = PBXFileReference; fileEncoding = 4; lastKnownFileType = sourcecode.c.h; path = ZNTargetActionSet.h; sourceTree = "<group>"; };
		57551E810F4E0D4D0046B0EE /* ZNTargetActionSet.m */ = {isa = PBXFileReference; fileEncoding = 4; lastKnownFileType = sourcecode.c.objc; path = ZNTargetActionSet.m; sourceTree = "<group>"; };
		57551E820F4E0D4D0046B0EE /* ZNTargetActionSetTest.m */ = {isa = PBXFileReference; fileEncoding = 4; lastKnownFileType = sourcecode.c.objc; path = ZNTargetActionSetTest.m; sourceTree = "<group>"; };
		57551E830F4E0D4D0046B0EE /* ZNTargetActionSite.h */ = {isa = PBXFileReference; fileEncoding = 4; lastKnownFileType = sourcecode.c.h; path = ZNTargetActionSite.h; sourceTree = "<group>"; };
		57551E850F4E0D4D0046B0EE /* FormatSupport.h */ = {isa = PBXFileReference; fileEncoding = 4; lastKnownFileType = sourcecode.c.h; path = FormatSupport.h; sourceTree = "<group>"; };
		57551E860F4E0D4D0046B0EE /* ZNArrayCsvParser.h */ = {isa = PBXFileReference; fileEncoding = 4; lastKnownFileType = sourcecode.c.h; path = ZNArrayCsvParser.h; sourceTree = "<group>"; };
		57551E870F4E0D4D0046B0EE /* ZNArrayCsvParser.m */ = {isa = PBXFileReference; fileEncoding = 4; lastKnownFileType = sourcecode.c.objc; path = ZNArrayCsvParser.m; sourceTree = "<group>"; };
		57551E880F4E0D4D0046B0EE /* ZNArrayCsvParserTest.csv */ = {isa = PBXFileReference; fileEncoding = 4; lastKnownFileType = text; path = ZNArrayCsvParserTest.csv; sourceTree = "<group>"; };
		57551E890F4E0D4D0046B0EE /* ZNArrayCsvParserTest.m */ = {isa = PBXFileReference; fileEncoding = 4; lastKnownFileType = sourcecode.c.objc; path = ZNArrayCsvParserTest.m; sourceTree = "<group>"; };
		57551E8A0F4E0D4D0046B0EE /* ZNDictionaryXmlParser.h */ = {isa = PBXFileReference; fileEncoding = 4; lastKnownFileType = sourcecode.c.h; path = ZNDictionaryXmlParser.h; sourceTree = "<group>"; };
		57551E8B0F4E0D4D0046B0EE /* ZNDictionaryXmlParser.m */ = {isa = PBXFileReference; fileEncoding = 4; lastKnownFileType = sourcecode.c.objc; path = ZNDictionaryXmlParser.m; sourceTree = "<group>"; };
		57551E8C0F4E0D4D0046B0EE /* ZNDictionaryXmlParserTest.m */ = {isa = PBXFileReference; fileEncoding = 4; lastKnownFileType = sourcecode.c.objc; path = ZNDictionaryXmlParserTest.m; sourceTree = "<group>"; };
		57551E8D0F4E0D4D0046B0EE /* ZNDictionaryXmlParserTest.xml */ = {isa = PBXFileReference; fileEncoding = 4; lastKnownFileType = text.xml; path = ZNDictionaryXmlParserTest.xml; sourceTree = "<group>"; };
		57551E8E0F4E0D4D0046B0EE /* ZNFormatterCasing.h */ = {isa = PBXFileReference; fileEncoding = 4; lastKnownFileType = sourcecode.c.h; path = ZNFormatterCasing.h; sourceTree = "<group>"; };
		57551E8F0F4E0D4D0046B0EE /* ZNFormFieldFormatter+Snake2LCamel.h */ = {isa = PBXFileReference; fileEncoding = 4; lastKnownFileType = sourcecode.c.h; path = "ZNFormFieldFormatter+Snake2LCamel.h"; sourceTree = "<group>"; };
		57551E900F4E0D4D0046B0EE /* ZNFormFieldFormatter+Snake2LCamel.m */ = {isa = PBXFileReference; fileEncoding = 4; lastKnownFileType = sourcecode.c.objc; path = "ZNFormFieldFormatter+Snake2LCamel.m"; sourceTree = "<group>"; };
		57551E910F4E0D4D0046B0EE /* ZNFormFieldFormatter+Snake2LCamelTest.m */ = {isa = PBXFileReference; fileEncoding = 4; lastKnownFileType = sourcecode.c.objc; path = "ZNFormFieldFormatter+Snake2LCamelTest.m"; sourceTree = "<group>"; };
		57551E920F4E0D4D0046B0EE /* ZNFormFieldFormatter.h */ = {isa = PBXFileReference; fileEncoding = 4; lastKnownFileType = sourcecode.c.h; path = ZNFormFieldFormatter.h; sourceTree = "<group>"; };
		57551E930F4E0D4D0046B0EE /* ZNFormFieldFormatter.m */ = {isa = PBXFileReference; fileEncoding = 4; lastKnownFileType = sourcecode.c.objc; path = ZNFormFieldFormatter.m; sourceTree = "<group>"; };
		57551E940F4E0D4D0046B0EE /* ZNFormFieldFormatterTest.m */ = {isa = PBXFileReference; fileEncoding = 4; lastKnownFileType = sourcecode.c.objc; path = ZNFormFieldFormatterTest.m; sourceTree = "<group>"; };
		57551E950F4E0D4D0046B0EE /* ZNFormURLEncoder.h */ = {isa = PBXFileReference; fileEncoding = 4; lastKnownFileType = sourcecode.c.h; path = ZNFormURLEncoder.h; sourceTree = "<group>"; };
		57551E960F4E0D4D0046B0EE /* ZNFormURLEncoder.m */ = {isa = PBXFileReference; fileEncoding = 4; lastKnownFileType = sourcecode.c.objc; path = ZNFormURLEncoder.m; sourceTree = "<group>"; };
		57551E970F4E0D4D0046B0EE /* ZNFormURLEncoderTest.m */ = {isa = PBXFileReference; fileEncoding = 4; lastKnownFileType = sourcecode.c.objc; path = ZNFormURLEncoderTest.m; sourceTree = "<group>"; };
		57551E980F4E0D4D0046B0EE /* ZNModelCsvParser.h */ = {isa = PBXFileReference; fileEncoding = 4; lastKnownFileType = sourcecode.c.h; path = ZNModelCsvParser.h; sourceTree = "<group>"; };
		57551E990F4E0D4D0046B0EE /* ZNModelCsvParser.m */ = {isa = PBXFileReference; fileEncoding = 4; lastKnownFileType = sourcecode.c.objc; path = ZNModelCsvParser.m; sourceTree = "<group>"; };
		57551E9A0F4E0D4D0046B0EE /* ZNModelCsvParserTest.csv */ = {isa = PBXFileReference; fileEncoding = 4; lastKnownFileType = text; path = ZNModelCsvParserTest.csv; sourceTree = "<group>"; };
		57551E9B0F4E0D4D0046B0EE /* ZNModelCsvParserTest.m */ = {isa = PBXFileReference; fileEncoding = 4; lastKnownFileType = sourcecode.c.objc; path = ZNModelCsvParserTest.m; sourceTree = "<group>"; };
		57551E9C0F4E0D4D0046B0EE /* ZNModelXmlParser.h */ = {isa = PBXFileReference; fileEncoding = 4; lastKnownFileType = sourcecode.c.h; path = ZNModelXmlParser.h; sourceTree = "<group>"; };
		57551E9D0F4E0D4D0046B0EE /* ZNModelXmlParser.m */ = {isa = PBXFileReference; fileEncoding = 4; lastKnownFileType = sourcecode.c.objc; path = ZNModelXmlParser.m; sourceTree = "<group>"; };
		57551E9E0F4E0D4D0046B0EE /* ZNModelXmlParserTest.m */ = {isa = PBXFileReference; fileEncoding = 4; lastKnownFileType = sourcecode.c.objc; path = ZNModelXmlParserTest.m; sourceTree = "<group>"; };
		57551E9F0F4E0D4D0046B0EE /* ZNModelXmlParserTest.xml */ = {isa = PBXFileReference; fileEncoding = 4; lastKnownFileType = text.xml; path = ZNModelXmlParserTest.xml; sourceTree = "<group>"; };
		57551EA00F4E0D4D0046B0EE /* LICENSE */ = {isa = PBXFileReference; fileEncoding = 4; lastKnownFileType = text; path = LICENSE; sourceTree = "<group>"; };
		57551EA10F4E0D4D0046B0EE /* MIT-LICENSE */ = {isa = PBXFileReference; fileEncoding = 4; lastKnownFileType = text; path = "MIT-LICENSE"; sourceTree = "<group>"; };
		57551EA30F4E0D4D0046B0EE /* ModelSupport.h */ = {isa = PBXFileReference; fileEncoding = 4; lastKnownFileType = sourcecode.c.h; path = ModelSupport.h; sourceTree = "<group>"; };
		57551EA40F4E0D4D0046B0EE /* ZNModel.h */ = {isa = PBXFileReference; fileEncoding = 4; lastKnownFileType = sourcecode.c.h; path = ZNModel.h; sourceTree = "<group>"; };
		57551EA50F4E0D4D0046B0EE /* ZNModel.m */ = {isa = PBXFileReference; fileEncoding = 4; lastKnownFileType = sourcecode.c.objc; path = ZNModel.m; sourceTree = "<group>"; };
		57551EA60F4E0D4D0046B0EE /* ZNModelDefinition.h */ = {isa = PBXFileReference; fileEncoding = 4; lastKnownFileType = sourcecode.c.h; path = ZNModelDefinition.h; sourceTree = "<group>"; };
		57551EA70F4E0D4D0046B0EE /* ZNModelDefinition.m */ = {isa = PBXFileReference; fileEncoding = 4; lastKnownFileType = sourcecode.c.objc; path = ZNModelDefinition.m; sourceTree = "<group>"; };
		57551EA80F4E0D4D0046B0EE /* ZNModelDefinitionAttribute.h */ = {isa = PBXFileReference; fileEncoding = 4; lastKnownFileType = sourcecode.c.h; path = ZNModelDefinitionAttribute.h; sourceTree = "<group>"; };
		57551EA90F4E0D4D0046B0EE /* ZNModelDefinitionAttribute.m */ = {isa = PBXFileReference; fileEncoding = 4; lastKnownFileType = sourcecode.c.objc; path = ZNModelDefinitionAttribute.m; sourceTree = "<group>"; };
		57551EAA0F4E0D4D0046B0EE /* ZNModelDefinitionAttributeTest.m */ = {isa = PBXFileReference; fileEncoding = 4; lastKnownFileType = sourcecode.c.objc; path = ZNModelDefinitionAttributeTest.m; sourceTree = "<group>"; };
		57551EAB0F4E0D4D0046B0EE /* ZNModelDefinitionTest.m */ = {isa = PBXFileReference; fileEncoding = 4; lastKnownFileType = sourcecode.c.objc; path = ZNModelDefinitionTest.m; sourceTree = "<group>"; };
		57551EAC0F4E0D4D0046B0EE /* ZNModelTest.m */ = {isa = PBXFileReference; fileEncoding = 4; lastKnownFileType = sourcecode.c.objc; path = ZNModelTest.m; sourceTree = "<group>"; };
		57551EAD0F4E0D4D0046B0EE /* ZNMSAttributeType.h */ = {isa = PBXFileReference; fileEncoding = 4; lastKnownFileType = sourcecode.c.h; path = ZNMSAttributeType.h; sourceTree = "<group>"; };
		57551EAE0F4E0D4D0046B0EE /* ZNMSAttributeType.m */ = {isa = PBXFileReference; fileEncoding = 4; lastKnownFileType = sourcecode.c.objc; path = ZNMSAttributeType.m; sourceTree = "<group>"; };
		57551EAF0F4E0D4D0046B0EE /* ZNMSBoolean.h */ = {isa = PBXFileReference; fileEncoding = 4; lastKnownFileType = sourcecode.c.h; path = ZNMSBoolean.h; sourceTree = "<group>"; };
		57551EB00F4E0D4D0046B0EE /* ZNMSBoolean.m */ = {isa = PBXFileReference; fileEncoding = 4; lastKnownFileType = sourcecode.c.objc; path = ZNMSBoolean.m; sourceTree = "<group>"; };
		57551EB10F4E0D4D0046B0EE /* ZNMSDate.h */ = {isa = PBXFileReference; fileEncoding = 4; lastKnownFileType = sourcecode.c.h; path = ZNMSDate.h; sourceTree = "<group>"; };
		57551EB20F4E0D4D0046B0EE /* ZNMSDate.m */ = {isa = PBXFileReference; fileEncoding = 4; lastKnownFileType = sourcecode.c.objc; path = ZNMSDate.m; sourceTree = "<group>"; };
		57551EB30F4E0D4D0046B0EE /* ZNMSDouble.h */ = {isa = PBXFileReference; fileEncoding = 4; lastKnownFileType = sourcecode.c.h; path = ZNMSDouble.h; sourceTree = "<group>"; };
		57551EB40F4E0D4D0046B0EE /* ZNMSDouble.m */ = {isa = PBXFileReference; fileEncoding = 4; lastKnownFileType = sourcecode.c.objc; path = ZNMSDouble.m; sourceTree = "<group>"; };
		57551EB50F4E0D4D0046B0EE /* ZNMSInteger.h */ = {isa = PBXFileReference; fileEncoding = 4; lastKnownFileType = sourcecode.c.h; path = ZNMSInteger.h; sourceTree = "<group>"; };
		57551EB60F4E0D4D0046B0EE /* ZNMSInteger.m */ = {isa = PBXFileReference; fileEncoding = 4; lastKnownFileType = sourcecode.c.objc; path = ZNMSInteger.m; sourceTree = "<group>"; };
		57551EB70F4E0D4D0046B0EE /* ZNMSRegistry.h */ = {isa = PBXFileReference; fileEncoding = 4; lastKnownFileType = sourcecode.c.h; path = ZNMSRegistry.h; sourceTree = "<group>"; };
		57551EB80F4E0D4D0046B0EE /* ZNMSRegistry.m */ = {isa = PBXFileReference; fileEncoding = 4; lastKnownFileType = sourcecode.c.objc; path = ZNMSRegistry.m; sourceTree = "<group>"; };
		57551EB90F4E0D4D0046B0EE /* ZNMSRegistryTest.m */ = {isa = PBXFileReference; fileEncoding = 4; lastKnownFileType = sourcecode.c.objc; path = ZNMSRegistryTest.m; sourceTree = "<group>"; };
		57551EBA0F4E0D4D0046B0EE /* ZNMSString.h */ = {isa = PBXFileReference; fileEncoding = 4; lastKnownFileType = sourcecode.c.h; path = ZNMSString.h; sourceTree = "<group>"; };
		57551EBB0F4E0D4D0046B0EE /* ZNMSString.m */ = {isa = PBXFileReference; fileEncoding = 4; lastKnownFileType = sourcecode.c.objc; path = ZNMSString.m; sourceTree = "<group>"; };
		57551EBC0F4E0D4D0046B0EE /* ZNMSUInteger.h */ = {isa = PBXFileReference; fileEncoding = 4; lastKnownFileType = sourcecode.c.h; path = ZNMSUInteger.h; sourceTree = "<group>"; };
		57551EBD0F4E0D4D0046B0EE /* ZNMSUInteger.m */ = {isa = PBXFileReference; fileEncoding = 4; lastKnownFileType = sourcecode.c.objc; path = ZNMSUInteger.m; sourceTree = "<group>"; };
		57551EBE0F4E0D4D0046B0EE /* ZNTestModels.h */ = {isa = PBXFileReference; fileEncoding = 4; lastKnownFileType = sourcecode.c.h; path = ZNTestModels.h; sourceTree = "<group>"; };
		57551EBF0F4E0D4D0046B0EE /* ZNTestModels.m */ = {isa = PBXFileReference; fileEncoding = 4; lastKnownFileType = sourcecode.c.objc; path = ZNTestModels.m; sourceTree = "<group>"; };
		57551EC20F4E0D4D0046B0EE /* COPYING */ = {isa = PBXFileReference; fileEncoding = 4; lastKnownFileType = text; path = COPYING; sourceTree = "<group>"; };
		57551EC30F4E0D4D0046B0EE /* GTMCALayer+UnitTesting.h */ = {isa = PBXFileReference; fileEncoding = 4; lastKnownFileType = sourcecode.c.h; path = "GTMCALayer+UnitTesting.h"; sourceTree = "<group>"; };
		57551EC40F4E0D4D0046B0EE /* GTMCALayer+UnitTesting.m */ = {isa = PBXFileReference; fileEncoding = 4; lastKnownFileType = sourcecode.c.objc; path = "GTMCALayer+UnitTesting.m"; sourceTree = "<group>"; };
		57551EC50F4E0D4D0046B0EE /* GTMDefines.h */ = {isa = PBXFileReference; fileEncoding = 4; lastKnownFileType = sourcecode.c.h; path = GTMDefines.h; sourceTree = "<group>"; };
		57551EC60F4E0D4D0046B0EE /* GTMGarbageCollection.h */ = {isa = PBXFileReference; fileEncoding = 4; lastKnownFileType = sourcecode.c.h; path = GTMGarbageCollection.h; sourceTree = "<group>"; };
		57551EC70F4E0D4D0046B0EE /* GTMIPhoneUnitTestDelegate.h */ = {isa = PBXFileReference; fileEncoding = 4; lastKnownFileType = sourcecode.c.h; path = GTMIPhoneUnitTestDelegate.h; sourceTree = "<group>"; };
		57551EC80F4E0D4D0046B0EE /* GTMIPhoneUnitTestDelegate.m */ = {isa = PBXFileReference; fileEncoding = 4; lastKnownFileType = sourcecode.c.objc; path = GTMIPhoneUnitTestDelegate.m; sourceTree = "<group>"; };
		57551EC90F4E0D4D0046B0EE /* GTMIPhoneUnitTestMain.m */ = {isa = PBXFileReference; fileEncoding = 4; lastKnownFileType = sourcecode.c.objc; path = GTMIPhoneUnitTestMain.m; sourceTree = "<group>"; };
		57551ECA0F4E0D4D0046B0EE /* GTMNSObject+UnitTesting.h */ = {isa = PBXFileReference; fileEncoding = 4; lastKnownFileType = sourcecode.c.h; path = "GTMNSObject+UnitTesting.h"; sourceTree = "<group>"; };
		57551ECB0F4E0D4D0046B0EE /* GTMNSObject+UnitTesting.m */ = {isa = PBXFileReference; fileEncoding = 4; lastKnownFileType = sourcecode.c.objc; path = "GTMNSObject+UnitTesting.m"; sourceTree = "<group>"; };
		57551ECC0F4E0D4D0046B0EE /* GTMSenTestCase.h */ = {isa = PBXFileReference; fileEncoding = 4; lastKnownFileType = sourcecode.c.h; path = GTMSenTestCase.h; sourceTree = "<group>"; };
		57551ECD0F4E0D4D0046B0EE /* GTMSenTestCase.m */ = {isa = PBXFileReference; fileEncoding = 4; lastKnownFileType = sourcecode.c.objc; path = GTMSenTestCase.m; sourceTree = "<group>"; };
		57551ECE0F4E0D4D0046B0EE /* GTMSystemVersion.h */ = {isa = PBXFileReference; fileEncoding = 4; lastKnownFileType = sourcecode.c.h; path = GTMSystemVersion.h; sourceTree = "<group>"; };
		57551ECF0F4E0D4D0046B0EE /* GTMSystemVersion.m */ = {isa = PBXFileReference; fileEncoding = 4; lastKnownFileType = sourcecode.c.objc; path = GTMSystemVersion.m; sourceTree = "<group>"; };
		57551ED00F4E0D4D0046B0EE /* GTMUIKit+UnitTesting.h */ = {isa = PBXFileReference; fileEncoding = 4; lastKnownFileType = sourcecode.c.h; path = "GTMUIKit+UnitTesting.h"; sourceTree = "<group>"; };
		57551ED10F4E0D4D0046B0EE /* GTMUIKit+UnitTesting.m */ = {isa = PBXFileReference; fileEncoding = 4; lastKnownFileType = sourcecode.c.objc; path = "GTMUIKit+UnitTesting.m"; sourceTree = "<group>"; };
		57551ED20F4E0D4D0046B0EE /* RunIPhoneUnitTest.sh */ = {isa = PBXFileReference; fileEncoding = 4; lastKnownFileType = text.script.sh; path = RunIPhoneUnitTest.sh; sourceTree = "<group>"; };
		57551ED40F4E0D4D0046B0EE /* SenTestCase+Fixtures.h */ = {isa = PBXFileReference; fileEncoding = 4; lastKnownFileType = sourcecode.c.h; path = "SenTestCase+Fixtures.h"; sourceTree = "<group>"; };
		57551ED50F4E0D4D0046B0EE /* SenTestCase+Fixtures.m */ = {isa = PBXFileReference; fileEncoding = 4; lastKnownFileType = sourcecode.c.objc; path = "SenTestCase+Fixtures.m"; sourceTree = "<group>"; };
		57551ED60F4E0D4D0046B0EE /* SenTestCase+FixturesTest.m */ = {isa = PBXFileReference; fileEncoding = 4; lastKnownFileType = sourcecode.c.objc; path = "SenTestCase+FixturesTest.m"; sourceTree = "<group>"; };
		57551ED70F4E0D4D0046B0EE /* SenTestCase+FixturesTest.xml */ = {isa = PBXFileReference; fileEncoding = 4; lastKnownFileType = text.xml; path = "SenTestCase+FixturesTest.xml"; sourceTree = "<group>"; };
		57551ED80F4E0D4D0046B0EE /* TestSupport.h */ = {isa = PBXFileReference; fileEncoding = 4; lastKnownFileType = sourcecode.c.h; path = TestSupport.h; sourceTree = "<group>"; };
		57551EDA0F4E0D4D0046B0EE /* WebSupport.h */ = {isa = PBXFileReference; fileEncoding = 4; lastKnownFileType = sourcecode.c.h; path = WebSupport.h; sourceTree = "<group>"; };
		57551EDB0F4E0D4D0046B0EE /* ZNCsvHttpRequest.h */ = {isa = PBXFileReference; fileEncoding = 4; lastKnownFileType = sourcecode.c.h; path = ZNCsvHttpRequest.h; sourceTree = "<group>"; };
		57551EDC0F4E0D4D0046B0EE /* ZNCsvHttpRequest.m */ = {isa = PBXFileReference; fileEncoding = 4; lastKnownFileType = sourcecode.c.objc; path = ZNCsvHttpRequest.m; sourceTree = "<group>"; };
		57551EDD0F4E0D4D0046B0EE /* ZNCsvHttpRequestTest.csv */ = {isa = PBXFileReference; fileEncoding = 4; lastKnownFileType = text; path = ZNCsvHttpRequestTest.csv; sourceTree = "<group>"; };
		57551EDE0F4E0D4D0046B0EE /* ZNCsvHttpRequestTest.m */ = {isa = PBXFileReference; fileEncoding = 4; lastKnownFileType = sourcecode.c.objc; path = ZNCsvHttpRequestTest.m; sourceTree = "<group>"; };
		57551EDF0F4E0D4D0046B0EE /* ZNHttpRequest.h */ = {isa = PBXFileReference; fileEncoding = 4; lastKnownFileType = sourcecode.c.h; path = ZNHttpRequest.h; sourceTree = "<group>"; };
		57551EE00F4E0D4D0046B0EE /* ZNHttpRequest.m */ = {isa = PBXFileReference; fileEncoding = 4; lastKnownFileType = sourcecode.c.objc; path = ZNHttpRequest.m; sourceTree = "<group>"; };
		57551EE10F4E0D4D0046B0EE /* ZNHttpRequestTest.m */ = {isa = PBXFileReference; fileEncoding = 4; lastKnownFileType = sourcecode.c.objc; path = ZNHttpRequestTest.m; sourceTree = "<group>"; };
		57551EE20F4E0D4D0046B0EE /* ZNHttpRequestTest.put */ = {isa = PBXFileReference; fileEncoding = 4; lastKnownFileType = text.xml; path = ZNHttpRequestTest.put; sourceTree = "<group>"; };
		57551EE30F4E0D4D0046B0EE /* ZNXmlHttpRequest.h */ = {isa = PBXFileReference; fileEncoding = 4; lastKnownFileType = sourcecode.c.h; path = ZNXmlHttpRequest.h; sourceTree = "<group>"; };
		57551EE40F4E0D4D0046B0EE /* ZNXmlHttpRequest.m */ = {isa = PBXFileReference; fileEncoding = 4; lastKnownFileType = sourcecode.c.objc; path = ZNXmlHttpRequest.m; sourceTree = "<group>"; };
		57551EE50F4E0D4D0046B0EE /* ZNXmlHttpRequestTest.body */ = {isa = PBXFileReference; fileEncoding = 4; lastKnownFileType = text; path = ZNXmlHttpRequestTest.body; sourceTree = "<group>"; };
		57551EE60F4E0D4D0046B0EE /* ZNXmlHttpRequestTest.m */ = {isa = PBXFileReference; fileEncoding = 4; lastKnownFileType = sourcecode.c.objc; path = ZNXmlHttpRequestTest.m; sourceTree = "<group>"; };
		57551EE70F4E0D4D0046B0EE /* ZNXmlHttpRequestTest.xml */ = {isa = PBXFileReference; fileEncoding = 4; lastKnownFileType = text.xml; path = ZNXmlHttpRequestTest.xml; sourceTree = "<group>"; };
		57551FB70F4E0EBA0046B0EE /* libZergTestSupport.a */ = {isa = PBXFileReference; explicitFileType = archive.ar; includeInIndex = 0; path = libZergTestSupport.a; sourceTree = BUILT_PRODUCTS_DIR; };
		8D1107310486CEB800E47090 /* Info.plist */ = {isa = PBXFileReference; fileEncoding = 4; lastKnownFileType = text.plist.xml; path = Info.plist; sourceTree = "<group>"; };
/* End PBXFileReference section */

/* Begin PBXFrameworksBuildPhase section */
		57551CB70F4DE19D0046B0EE /* Frameworks */ = {
			isa = PBXFrameworksBuildPhase;
			buildActionMask = 2147483647;
			files = (
				57551D5A0F4DE1CA0046B0EE /* Foundation.framework in Frameworks */,
				57551D5B0F4DE1CA0046B0EE /* UIKit.framework in Frameworks */,
				57551D5C0F4DE1CA0046B0EE /* CoreGraphics.framework in Frameworks */,
				57551D5E0F4DE21E0046B0EE /* QuartzCore.framework in Frameworks */,
			);
			runOnlyForDeploymentPostprocessing = 0;
		};
		57551E380F4E0AE60046B0EE /* Frameworks */ = {
			isa = PBXFrameworksBuildPhase;
			buildActionMask = 2147483647;
			files = (
				575520AA0F4E17E30046B0EE /* Foundation.framework in Frameworks */,
				575520AB0F4E17E30046B0EE /* UIKit.framework in Frameworks */,
				575520AC0F4E17E30046B0EE /* CoreGraphics.framework in Frameworks */,
				575520AD0F4E17E30046B0EE /* QuartzCore.framework in Frameworks */,
				575520B90F4E18B40046B0EE /* libZergTestSupport.a in Frameworks */,
			);
			runOnlyForDeploymentPostprocessing = 0;
		};
		57551FB50F4E0EBA0046B0EE /* Frameworks */ = {
			isa = PBXFrameworksBuildPhase;
			buildActionMask = 2147483647;
			files = (
				575520A60F4E17D80046B0EE /* Foundation.framework in Frameworks */,
				575520A70F4E17D80046B0EE /* UIKit.framework in Frameworks */,
				575520A80F4E17D80046B0EE /* CoreGraphics.framework in Frameworks */,
				575520A90F4E17D80046B0EE /* QuartzCore.framework in Frameworks */,
				575520B80F4E18A10046B0EE /* libZergSupport.a in Frameworks */,
			);
			runOnlyForDeploymentPostprocessing = 0;
		};
/* End PBXFrameworksBuildPhase section */

/* Begin PBXGroup section */
		19C28FACFE9D520D11CA2CBB /* Products */ = {
			isa = PBXGroup;
			children = (
				57551CB90F4DE19D0046B0EE /* libZergSupport.a */,
				57551E3A0F4E0AE60046B0EE /* ZergSupportTests.app */,
				57551FB70F4E0EBA0046B0EE /* libZergTestSupport.a */,
			);
			name = Products;
			sourceTree = "<group>";
		};
		29B97314FDCFA39411CA2CEA /* CustomTemplate */ = {
			isa = PBXGroup;
			children = (
				57551E770F4E0D4D0046B0EE /* ZergSupport */,
				29B97315FDCFA39411CA2CEA /* Other Sources */,
				29B97317FDCFA39411CA2CEA /* Resources */,
				29B97323FDCFA39411CA2CEA /* Frameworks */,
				19C28FACFE9D520D11CA2CBB /* Products */,
				57551D5D0F4DE21E0046B0EE /* QuartzCore.framework */,
				57551E3C0F4E0AE60046B0EE /* ZergSupportTests-Info.plist */,
			);
			name = CustomTemplate;
			sourceTree = "<group>";
		};
		29B97315FDCFA39411CA2CEA /* Other Sources */ = {
			isa = PBXGroup;
			children = (
				32CA4F630368D1EE00C91783 /* ZergSupport_Prefix.pch */,
			);
			name = "Other Sources";
			sourceTree = "<group>";
		};
		29B97317FDCFA39411CA2CEA /* Resources */ = {
			isa = PBXGroup;
			children = (
				28AD733E0D9D9553002E5188 /* MainWindow.xib */,
				8D1107310486CEB800E47090 /* Info.plist */,
			);
			name = Resources;
			sourceTree = "<group>";
		};
		29B97323FDCFA39411CA2CEA /* Frameworks */ = {
			isa = PBXGroup;
			children = (
				1DF5F4DF0D08C38300B7A737 /* UIKit.framework */,
				1D30AB110D05D00D00671497 /* Foundation.framework */,
				288765FC0DF74451002DB57D /* CoreGraphics.framework */,
			);
			name = Frameworks;
			sourceTree = "<group>";
		};
		57551E770F4E0D4D0046B0EE /* ZergSupport */ = {
			isa = PBXGroup;
			children = (
				57551E780F4E0D4D0046B0EE /* ControllerSupport */,
				57551E840F4E0D4D0046B0EE /* FormatSupport */,
				57551EA00F4E0D4D0046B0EE /* LICENSE */,
				57551EA10F4E0D4D0046B0EE /* MIT-LICENSE */,
				57551EA20F4E0D4D0046B0EE /* ModelSupport */,
				57551EC00F4E0D4D0046B0EE /* TestSupport */,
				57551ED90F4E0D4D0046B0EE /* WebSupport */,
			);
			path = ZergSupport;
			sourceTree = "<group>";
		};
		57551E780F4E0D4D0046B0EE /* ControllerSupport */ = {
			isa = PBXGroup;
			children = (
				57551E790F4E0D4D0046B0EE /* ControllerSupport.h */,
				57551E7A0F4E0D4D0046B0EE /* ZNSyncController.h */,
				57551E7B0F4E0D4D0046B0EE /* ZNSyncController.m */,
				57551E7C0F4E0D4D0046B0EE /* ZNSyncControllerTest.m */,
				57551E7D0F4E0D4D0046B0EE /* ZNTargetActionPair.h */,
				57551E7E0F4E0D4D0046B0EE /* ZNTargetActionPair.m */,
				57551E7F0F4E0D4D0046B0EE /* ZNTargetActionPairTest.m */,
				57551E800F4E0D4D0046B0EE /* ZNTargetActionSet.h */,
				57551E810F4E0D4D0046B0EE /* ZNTargetActionSet.m */,
				57551E820F4E0D4D0046B0EE /* ZNTargetActionSetTest.m */,
				57551E830F4E0D4D0046B0EE /* ZNTargetActionSite.h */,
			);
			path = ControllerSupport;
			sourceTree = "<group>";
		};
		57551E840F4E0D4D0046B0EE /* FormatSupport */ = {
			isa = PBXGroup;
			children = (
				57551E850F4E0D4D0046B0EE /* FormatSupport.h */,
				57551E860F4E0D4D0046B0EE /* ZNArrayCsvParser.h */,
				57551E870F4E0D4D0046B0EE /* ZNArrayCsvParser.m */,
				57551E880F4E0D4D0046B0EE /* ZNArrayCsvParserTest.csv */,
				57551E890F4E0D4D0046B0EE /* ZNArrayCsvParserTest.m */,
				57551E8A0F4E0D4D0046B0EE /* ZNDictionaryXmlParser.h */,
				57551E8B0F4E0D4D0046B0EE /* ZNDictionaryXmlParser.m */,
				57551E8C0F4E0D4D0046B0EE /* ZNDictionaryXmlParserTest.m */,
				57551E8D0F4E0D4D0046B0EE /* ZNDictionaryXmlParserTest.xml */,
				57551E8E0F4E0D4D0046B0EE /* ZNFormatterCasing.h */,
				57551E8F0F4E0D4D0046B0EE /* ZNFormFieldFormatter+Snake2LCamel.h */,
				57551E900F4E0D4D0046B0EE /* ZNFormFieldFormatter+Snake2LCamel.m */,
				57551E910F4E0D4D0046B0EE /* ZNFormFieldFormatter+Snake2LCamelTest.m */,
				57551E920F4E0D4D0046B0EE /* ZNFormFieldFormatter.h */,
				57551E930F4E0D4D0046B0EE /* ZNFormFieldFormatter.m */,
				57551E940F4E0D4D0046B0EE /* ZNFormFieldFormatterTest.m */,
				57551E950F4E0D4D0046B0EE /* ZNFormURLEncoder.h */,
				57551E960F4E0D4D0046B0EE /* ZNFormURLEncoder.m */,
				57551E970F4E0D4D0046B0EE /* ZNFormURLEncoderTest.m */,
				57551E980F4E0D4D0046B0EE /* ZNModelCsvParser.h */,
				57551E990F4E0D4D0046B0EE /* ZNModelCsvParser.m */,
				57551E9A0F4E0D4D0046B0EE /* ZNModelCsvParserTest.csv */,
				57551E9B0F4E0D4D0046B0EE /* ZNModelCsvParserTest.m */,
				57551E9C0F4E0D4D0046B0EE /* ZNModelXmlParser.h */,
				57551E9D0F4E0D4D0046B0EE /* ZNModelXmlParser.m */,
				57551E9E0F4E0D4D0046B0EE /* ZNModelXmlParserTest.m */,
				57551E9F0F4E0D4D0046B0EE /* ZNModelXmlParserTest.xml */,
			);
			path = FormatSupport;
			sourceTree = "<group>";
		};
		57551EA20F4E0D4D0046B0EE /* ModelSupport */ = {
			isa = PBXGroup;
			children = (
				57551EA30F4E0D4D0046B0EE /* ModelSupport.h */,
				57551EA40F4E0D4D0046B0EE /* ZNModel.h */,
				57551EA50F4E0D4D0046B0EE /* ZNModel.m */,
				57551EA60F4E0D4D0046B0EE /* ZNModelDefinition.h */,
				57551EA70F4E0D4D0046B0EE /* ZNModelDefinition.m */,
				57551EA80F4E0D4D0046B0EE /* ZNModelDefinitionAttribute.h */,
				57551EA90F4E0D4D0046B0EE /* ZNModelDefinitionAttribute.m */,
				57551EAA0F4E0D4D0046B0EE /* ZNModelDefinitionAttributeTest.m */,
				57551EAB0F4E0D4D0046B0EE /* ZNModelDefinitionTest.m */,
				57551EAC0F4E0D4D0046B0EE /* ZNModelTest.m */,
				57551EAD0F4E0D4D0046B0EE /* ZNMSAttributeType.h */,
				57551EAE0F4E0D4D0046B0EE /* ZNMSAttributeType.m */,
				57551EAF0F4E0D4D0046B0EE /* ZNMSBoolean.h */,
				57551EB00F4E0D4D0046B0EE /* ZNMSBoolean.m */,
				57551EB10F4E0D4D0046B0EE /* ZNMSDate.h */,
				57551EB20F4E0D4D0046B0EE /* ZNMSDate.m */,
				57551EB30F4E0D4D0046B0EE /* ZNMSDouble.h */,
				57551EB40F4E0D4D0046B0EE /* ZNMSDouble.m */,
				57551EB50F4E0D4D0046B0EE /* ZNMSInteger.h */,
				57551EB60F4E0D4D0046B0EE /* ZNMSInteger.m */,
				57551EB70F4E0D4D0046B0EE /* ZNMSRegistry.h */,
				57551EB80F4E0D4D0046B0EE /* ZNMSRegistry.m */,
				57551EB90F4E0D4D0046B0EE /* ZNMSRegistryTest.m */,
				57551EBA0F4E0D4D0046B0EE /* ZNMSString.h */,
				57551EBB0F4E0D4D0046B0EE /* ZNMSString.m */,
				57551EBC0F4E0D4D0046B0EE /* ZNMSUInteger.h */,
				57551EBD0F4E0D4D0046B0EE /* ZNMSUInteger.m */,
				57551EBE0F4E0D4D0046B0EE /* ZNTestModels.h */,
				57551EBF0F4E0D4D0046B0EE /* ZNTestModels.m */,
			);
			path = ModelSupport;
			sourceTree = "<group>";
		};
		57551EC00F4E0D4D0046B0EE /* TestSupport */ = {
			isa = PBXGroup;
			children = (
				57551EC10F4E0D4D0046B0EE /* GTM */,
				57551ED40F4E0D4D0046B0EE /* SenTestCase+Fixtures.h */,
				57551ED50F4E0D4D0046B0EE /* SenTestCase+Fixtures.m */,
				57551ED60F4E0D4D0046B0EE /* SenTestCase+FixturesTest.m */,
				57551ED70F4E0D4D0046B0EE /* SenTestCase+FixturesTest.xml */,
				57551ED80F4E0D4D0046B0EE /* TestSupport.h */,
			);
			path = TestSupport;
			sourceTree = "<group>";
		};
		57551EC10F4E0D4D0046B0EE /* GTM */ = {
			isa = PBXGroup;
			children = (
				57551EC20F4E0D4D0046B0EE /* COPYING */,
				57551EC30F4E0D4D0046B0EE /* GTMCALayer+UnitTesting.h */,
				57551EC40F4E0D4D0046B0EE /* GTMCALayer+UnitTesting.m */,
				57551EC50F4E0D4D0046B0EE /* GTMDefines.h */,
				57551EC60F4E0D4D0046B0EE /* GTMGarbageCollection.h */,
				57551EC70F4E0D4D0046B0EE /* GTMIPhoneUnitTestDelegate.h */,
				57551EC80F4E0D4D0046B0EE /* GTMIPhoneUnitTestDelegate.m */,
				57551EC90F4E0D4D0046B0EE /* GTMIPhoneUnitTestMain.m */,
				57551ECA0F4E0D4D0046B0EE /* GTMNSObject+UnitTesting.h */,
				57551ECB0F4E0D4D0046B0EE /* GTMNSObject+UnitTesting.m */,
				57551ECC0F4E0D4D0046B0EE /* GTMSenTestCase.h */,
				57551ECD0F4E0D4D0046B0EE /* GTMSenTestCase.m */,
				57551ECE0F4E0D4D0046B0EE /* GTMSystemVersion.h */,
				57551ECF0F4E0D4D0046B0EE /* GTMSystemVersion.m */,
				57551ED00F4E0D4D0046B0EE /* GTMUIKit+UnitTesting.h */,
				57551ED10F4E0D4D0046B0EE /* GTMUIKit+UnitTesting.m */,
				57551ED20F4E0D4D0046B0EE /* RunIPhoneUnitTest.sh */,
			);
			path = GTM;
			sourceTree = "<group>";
		};
		57551ED90F4E0D4D0046B0EE /* WebSupport */ = {
			isa = PBXGroup;
			children = (
				57551EDA0F4E0D4D0046B0EE /* WebSupport.h */,
				57551EDB0F4E0D4D0046B0EE /* ZNCsvHttpRequest.h */,
				57551EDC0F4E0D4D0046B0EE /* ZNCsvHttpRequest.m */,
				57551EDD0F4E0D4D0046B0EE /* ZNCsvHttpRequestTest.csv */,
				57551EDE0F4E0D4D0046B0EE /* ZNCsvHttpRequestTest.m */,
				57551EDF0F4E0D4D0046B0EE /* ZNHttpRequest.h */,
				57551EE00F4E0D4D0046B0EE /* ZNHttpRequest.m */,
				57551EE10F4E0D4D0046B0EE /* ZNHttpRequestTest.m */,
				57551EE20F4E0D4D0046B0EE /* ZNHttpRequestTest.put */,
				57551EE30F4E0D4D0046B0EE /* ZNXmlHttpRequest.h */,
				57551EE40F4E0D4D0046B0EE /* ZNXmlHttpRequest.m */,
				57551EE50F4E0D4D0046B0EE /* ZNXmlHttpRequestTest.body */,
				57551EE60F4E0D4D0046B0EE /* ZNXmlHttpRequestTest.m */,
				57551EE70F4E0D4D0046B0EE /* ZNXmlHttpRequestTest.xml */,
			);
			path = WebSupport;
			sourceTree = "<group>";
		};
/* End PBXGroup section */

/* Begin PBXHeadersBuildPhase section */
		57551CB50F4DE19D0046B0EE /* Headers */ = {
			isa = PBXHeadersBuildPhase;
			buildActionMask = 2147483647;
			files = (
				57551EE80F4E0D4D0046B0EE /* ControllerSupport.h in Headers */,
				57551EE90F4E0D4D0046B0EE /* ZNSyncController.h in Headers */,
				57551EEC0F4E0D4D0046B0EE /* ZNTargetActionPair.h in Headers */,
				57551EEF0F4E0D4D0046B0EE /* ZNTargetActionSet.h in Headers */,
				57551EF20F4E0D4D0046B0EE /* ZNTargetActionSite.h in Headers */,
				57551EF30F4E0D4D0046B0EE /* FormatSupport.h in Headers */,
				57551EF40F4E0D4D0046B0EE /* ZNArrayCsvParser.h in Headers */,
				57551EF70F4E0D4D0046B0EE /* ZNDictionaryXmlParser.h in Headers */,
				57551EFA0F4E0D4D0046B0EE /* ZNFormatterCasing.h in Headers */,
				57551EFB0F4E0D4D0046B0EE /* ZNFormFieldFormatter+Snake2LCamel.h in Headers */,
				57551EFE0F4E0D4D0046B0EE /* ZNFormFieldFormatter.h in Headers */,
				57551F010F4E0D4D0046B0EE /* ZNFormURLEncoder.h in Headers */,
				57551F040F4E0D4D0046B0EE /* ZNModelCsvParser.h in Headers */,
				57551F070F4E0D4D0046B0EE /* ZNModelXmlParser.h in Headers */,
				57551F0A0F4E0D4D0046B0EE /* ModelSupport.h in Headers */,
				57551F0B0F4E0D4D0046B0EE /* ZNModel.h in Headers */,
				57551F0D0F4E0D4D0046B0EE /* ZNModelDefinition.h in Headers */,
				57551F0F0F4E0D4D0046B0EE /* ZNModelDefinitionAttribute.h in Headers */,
				57551F140F4E0D4D0046B0EE /* ZNMSAttributeType.h in Headers */,
				57551F160F4E0D4D0046B0EE /* ZNMSBoolean.h in Headers */,
				57551F180F4E0D4D0046B0EE /* ZNMSDate.h in Headers */,
				57551F1A0F4E0D4D0046B0EE /* ZNMSDouble.h in Headers */,
				57551F1C0F4E0D4D0046B0EE /* ZNMSInteger.h in Headers */,
				57551F1E0F4E0D4D0046B0EE /* ZNMSRegistry.h in Headers */,
				57551F210F4E0D4D0046B0EE /* ZNMSString.h in Headers */,
				57551F230F4E0D4D0046B0EE /* ZNMSUInteger.h in Headers */,
				57551F3B0F4E0D4D0046B0EE /* WebSupport.h in Headers */,
				57551F3C0F4E0D4D0046B0EE /* ZNCsvHttpRequest.h in Headers */,
				57551F3F0F4E0D4D0046B0EE /* ZNHttpRequest.h in Headers */,
				57551F420F4E0D4D0046B0EE /* ZNXmlHttpRequest.h in Headers */,
			);
			runOnlyForDeploymentPostprocessing = 0;
		};
		57551FB30F4E0EBA0046B0EE /* Headers */ = {
			isa = PBXHeadersBuildPhase;
			buildActionMask = 2147483647;
			files = (
				57551FC20F4E101B0046B0EE /* GTMCALayer+UnitTesting.h in Headers */,
				57551FC40F4E101E0046B0EE /* GTMDefines.h in Headers */,
				57551FC50F4E101F0046B0EE /* GTMGarbageCollection.h in Headers */,
				57551FC60F4E10200046B0EE /* GTMIPhoneUnitTestDelegate.h in Headers */,
				57551FC90F4E10230046B0EE /* GTMNSObject+UnitTesting.h in Headers */,
				57551FCB0F4E102A0046B0EE /* GTMSenTestCase.h in Headers */,
				57551FCD0F4E102F0046B0EE /* GTMSystemVersion.h in Headers */,
				57551FCF0F4E102F0046B0EE /* GTMUIKit+UnitTesting.h in Headers */,
				57551FF40F4E10E90046B0EE /* SenTestCase+Fixtures.h in Headers */,
				57551FF70F4E10ED0046B0EE /* TestSupport.h in Headers */,
			);
			runOnlyForDeploymentPostprocessing = 0;
		};
/* End PBXHeadersBuildPhase section */

/* Begin PBXNativeTarget section */
		57551CB80F4DE19D0046B0EE /* ZergSupport */ = {
			isa = PBXNativeTarget;
			buildConfigurationList = 57551CBC0F4DE1BB0046B0EE /* Build configuration list for PBXNativeTarget "ZergSupport" */;
			buildPhases = (
				57551CB50F4DE19D0046B0EE /* Headers */,
				57551CB60F4DE19D0046B0EE /* Sources */,
				57551CB70F4DE19D0046B0EE /* Frameworks */,
			);
			buildRules = (
			);
			dependencies = (
			);
			name = ZergSupport;
			productName = ZergSupport;
			productReference = 57551CB90F4DE19D0046B0EE /* libZergSupport.a */;
			productType = "com.apple.product-type.library.static";
		};
		57551E390F4E0AE60046B0EE /* ZergSupportTests */ = {
			isa = PBXNativeTarget;
			buildConfigurationList = 57551E3F0F4E0AE70046B0EE /* Build configuration list for PBXNativeTarget "ZergSupportTests" */;
			buildPhases = (
				57551E360F4E0AE60046B0EE /* Resources */,
				57551E370F4E0AE60046B0EE /* Sources */,
				57551E380F4E0AE60046B0EE /* Frameworks */,
			);
			buildRules = (
			);
			dependencies = (
				57551FBE0F4E0EEE0046B0EE /* PBXTargetDependency */,
			);
			name = ZergSupportTests;
			productName = ZergSupportTests;
			productReference = 57551E3A0F4E0AE60046B0EE /* ZergSupportTests.app */;
			productType = "com.apple.product-type.application";
		};
		57551FB60F4E0EBA0046B0EE /* ZergTestSupport */ = {
			isa = PBXNativeTarget;
			buildConfigurationList = 57551FBF0F4E0F0D0046B0EE /* Build configuration list for PBXNativeTarget "ZergTestSupport" */;
			buildPhases = (
				57551FB30F4E0EBA0046B0EE /* Headers */,
				57551FB40F4E0EBA0046B0EE /* Sources */,
				57551FB50F4E0EBA0046B0EE /* Frameworks */,
			);
			buildRules = (
			);
			dependencies = (
				57551FBC0F4E0EDA0046B0EE /* PBXTargetDependency */,
			);
			name = ZergTestSupport;
			productName = ZergTestSupport;
			productReference = 57551FB70F4E0EBA0046B0EE /* libZergTestSupport.a */;
			productType = "com.apple.product-type.library.static";
		};
/* End PBXNativeTarget section */

/* Begin PBXProject section */
		29B97313FDCFA39411CA2CEA /* Project object */ = {
			isa = PBXProject;
			buildConfigurationList = C01FCF4E08A954540054247B /* Build configuration list for PBXProject "ZergSupport" */;
			compatibilityVersion = "Xcode 3.1";
			hasScannedForEncodings = 1;
			mainGroup = 29B97314FDCFA39411CA2CEA /* CustomTemplate */;
			projectDirPath = "";
			projectRoot = "";
			targets = (
				57551CB80F4DE19D0046B0EE /* ZergSupport */,
				57551FB60F4E0EBA0046B0EE /* ZergTestSupport */,
				57551E390F4E0AE60046B0EE /* ZergSupportTests */,
			);
		};
/* End PBXProject section */

/* Begin PBXResourcesBuildPhase section */
		57551E360F4E0AE60046B0EE /* Resources */ = {
			isa = PBXResourcesBuildPhase;
			buildActionMask = 2147483647;
			files = (
				57551F4C0F4E0D4D0046B0EE /* ZNArrayCsvParserTest.csv in Resources */,
				57551F500F4E0D4D0046B0EE /* ZNDictionaryXmlParserTest.xml in Resources */,
				57551F580F4E0D4D0046B0EE /* ZNModelCsvParserTest.csv in Resources */,
				57551F5C0F4E0D4D0046B0EE /* ZNModelXmlParserTest.xml in Resources */,
				57551F7A0F4E0D4D0046B0EE /* SenTestCase+FixturesTest.xml in Resources */,
				57551F7C0F4E0D4D0046B0EE /* ZNCsvHttpRequestTest.csv in Resources */,
				57551F800F4E0D4D0046B0EE /* ZNHttpRequestTest.put in Resources */,
				57551F820F4E0D4D0046B0EE /* ZNXmlHttpRequestTest.body in Resources */,
				57551F840F4E0D4D0046B0EE /* ZNXmlHttpRequestTest.xml in Resources */,
			);
			runOnlyForDeploymentPostprocessing = 0;
		};
/* End PBXResourcesBuildPhase section */

/* Begin PBXSourcesBuildPhase section */
		57551CB60F4DE19D0046B0EE /* Sources */ = {
			isa = PBXSourcesBuildPhase;
			buildActionMask = 2147483647;
			files = (
				57551EEA0F4E0D4D0046B0EE /* ZNSyncController.m in Sources */,
				57551EED0F4E0D4D0046B0EE /* ZNTargetActionPair.m in Sources */,
				57551EF00F4E0D4D0046B0EE /* ZNTargetActionSet.m in Sources */,
				57551EF50F4E0D4D0046B0EE /* ZNArrayCsvParser.m in Sources */,
				57551EF80F4E0D4D0046B0EE /* ZNDictionaryXmlParser.m in Sources */,
				57551EFC0F4E0D4D0046B0EE /* ZNFormFieldFormatter+Snake2LCamel.m in Sources */,
				57551EFF0F4E0D4D0046B0EE /* ZNFormFieldFormatter.m in Sources */,
				57551F020F4E0D4D0046B0EE /* ZNFormURLEncoder.m in Sources */,
				57551F050F4E0D4D0046B0EE /* ZNModelCsvParser.m in Sources */,
				57551F080F4E0D4D0046B0EE /* ZNModelXmlParser.m in Sources */,
				57551F0C0F4E0D4D0046B0EE /* ZNModel.m in Sources */,
				57551F0E0F4E0D4D0046B0EE /* ZNModelDefinition.m in Sources */,
				57551F100F4E0D4D0046B0EE /* ZNModelDefinitionAttribute.m in Sources */,
				57551F150F4E0D4D0046B0EE /* ZNMSAttributeType.m in Sources */,
				57551F170F4E0D4D0046B0EE /* ZNMSBoolean.m in Sources */,
				57551F190F4E0D4D0046B0EE /* ZNMSDate.m in Sources */,
				57551F1B0F4E0D4D0046B0EE /* ZNMSDouble.m in Sources */,
				57551F1D0F4E0D4D0046B0EE /* ZNMSInteger.m in Sources */,
				57551F1F0F4E0D4D0046B0EE /* ZNMSRegistry.m in Sources */,
				57551F220F4E0D4D0046B0EE /* ZNMSString.m in Sources */,
				57551F240F4E0D4D0046B0EE /* ZNMSUInteger.m in Sources */,
				57551F3D0F4E0D4D0046B0EE /* ZNCsvHttpRequest.m in Sources */,
				57551F400F4E0D4D0046B0EE /* ZNHttpRequest.m in Sources */,
				57551F430F4E0D4D0046B0EE /* ZNXmlHttpRequest.m in Sources */,
			);
			runOnlyForDeploymentPostprocessing = 0;
		};
		57551E370F4E0AE60046B0EE /* Sources */ = {
			isa = PBXSourcesBuildPhase;
			buildActionMask = 2147483647;
			files = (
				575520050F4E11630046B0EE /* ZNSyncControllerTest.m in Sources */,
				575520060F4E11630046B0EE /* ZNTargetActionPairTest.m in Sources */,
				575520070F4E11630046B0EE /* ZNTargetActionSetTest.m in Sources */,
				575520080F4E11630046B0EE /* ZNArrayCsvParserTest.m in Sources */,
				575520090F4E11630046B0EE /* ZNDictionaryXmlParserTest.m in Sources */,
				5755200A0F4E11630046B0EE /* ZNFormFieldFormatter+Snake2LCamelTest.m in Sources */,
				5755200B0F4E11630046B0EE /* ZNFormFieldFormatterTest.m in Sources */,
				5755200C0F4E11630046B0EE /* ZNFormURLEncoderTest.m in Sources */,
				5755200D0F4E11630046B0EE /* ZNModelCsvParserTest.m in Sources */,
				5755200E0F4E11630046B0EE /* ZNModelXmlParserTest.m in Sources */,
				5755200F0F4E11630046B0EE /* ZNModelDefinitionAttributeTest.m in Sources */,
				575520100F4E11630046B0EE /* ZNModelDefinitionTest.m in Sources */,
				575520110F4E11630046B0EE /* ZNModelTest.m in Sources */,
				575520120F4E11630046B0EE /* ZNMSRegistryTest.m in Sources */,
				575520130F4E11630046B0EE /* ZNCsvHttpRequestTest.m in Sources */,
				575520140F4E11630046B0EE /* ZNHttpRequestTest.m in Sources */,
				575520150F4E11630046B0EE /* ZNXmlHttpRequestTest.m in Sources */,
				5755201A0F4E11BE0046B0EE /* ZNTestModels.m in Sources */,
			);
			runOnlyForDeploymentPostprocessing = 0;
		};
		57551FB40F4E0EBA0046B0EE /* Sources */ = {
			isa = PBXSourcesBuildPhase;
			buildActionMask = 2147483647;
			files = (
				57551FC30F4E101C0046B0EE /* GTMCALayer+UnitTesting.m in Sources */,
				57551FC70F4E10210046B0EE /* GTMIPhoneUnitTestDelegate.m in Sources */,
				57551FC80F4E10220046B0EE /* GTMIPhoneUnitTestMain.m in Sources */,
				57551FCA0F4E10240046B0EE /* GTMNSObject+UnitTesting.m in Sources */,
				57551FCC0F4E102D0046B0EE /* GTMSenTestCase.m in Sources */,
				57551FCE0F4E102F0046B0EE /* GTMSystemVersion.m in Sources */,
				57551FD10F4E10340046B0EE /* GTMUIKit+UnitTesting.m in Sources */,
				57551FF50F4E10EA0046B0EE /* SenTestCase+Fixtures.m in Sources */,
				57551FF60F4E10EB0046B0EE /* SenTestCase+FixturesTest.m in Sources */,
			);
			runOnlyForDeploymentPostprocessing = 0;
		};
/* End PBXSourcesBuildPhase section */

/* Begin PBXTargetDependency section */
		57551FBC0F4E0EDA0046B0EE /* PBXTargetDependency */ = {
			isa = PBXTargetDependency;
			target = 57551CB80F4DE19D0046B0EE /* ZergSupport */;
			targetProxy = 57551FBB0F4E0EDA0046B0EE /* PBXContainerItemProxy */;
		};
		57551FBE0F4E0EEE0046B0EE /* PBXTargetDependency */ = {
			isa = PBXTargetDependency;
			target = 57551FB60F4E0EBA0046B0EE /* ZergTestSupport */;
			targetProxy = 57551FBD0F4E0EEE0046B0EE /* PBXContainerItemProxy */;
		};
/* End PBXTargetDependency section */

/* Begin XCBuildConfiguration section */
		57551CBA0F4DE19D0046B0EE /* Debug */ = {
			isa = XCBuildConfiguration;
			buildSettings = {
				ALWAYS_SEARCH_USER_PATHS = NO;
				COPY_PHASE_STRIP = NO;
				GCC_DYNAMIC_NO_PIC = NO;
				GCC_OPTIMIZATION_LEVEL = 0;
				PREBINDING = NO;
				PRODUCT_NAME = ZergSupport;
			};
			name = Debug;
		};
		57551CBB0F4DE19D0046B0EE /* Release */ = {
			isa = XCBuildConfiguration;
			buildSettings = {
				ALWAYS_SEARCH_USER_PATHS = NO;
				COPY_PHASE_STRIP = YES;
				DEBUG_INFORMATION_FORMAT = "dwarf-with-dsym";
				GCC_ENABLE_FIX_AND_CONTINUE = NO;
				PREBINDING = NO;
				PRODUCT_NAME = ZergSupport;
				ZERO_LINK = NO;
			};
			name = Release;
		};
		57551E3D0F4E0AE70046B0EE /* Debug */ = {
			isa = XCBuildConfiguration;
			buildSettings = {
				ALWAYS_SEARCH_USER_PATHS = NO;
				CODE_SIGN_IDENTITY = "iPhone Developer";
				COPY_PHASE_STRIP = NO;
				GCC_DYNAMIC_NO_PIC = NO;
				GCC_OPTIMIZATION_LEVEL = 0;
				GCC_PRECOMPILE_PREFIX_HEADER = YES;
				GCC_PREFIX_HEADER = "$(SYSTEM_LIBRARY_DIR)/Frameworks/UIKit.framework/Headers/UIKit.h";
				INFOPLIST_FILE = "ZergSupportTests-Info.plist";
				INSTALL_PATH = "$(HOME)/Applications";
				OTHER_LDFLAGS = (
					"-framework",
					Foundation,
					"-framework",
					UIKit,
					"-ObjC",
				);
				PREBINDING = NO;
				PRODUCT_NAME = ZergSupportTests;
				SDKROOT = iphoneos2.2.1;
			};
			name = Debug;
		};
		57551E3E0F4E0AE70046B0EE /* Release */ = {
			isa = XCBuildConfiguration;
			buildSettings = {
				ALWAYS_SEARCH_USER_PATHS = NO;
				CODE_SIGN_IDENTITY = "iPhone Developer";
				COPY_PHASE_STRIP = YES;
				DEBUG_INFORMATION_FORMAT = "dwarf-with-dsym";
				GCC_ENABLE_FIX_AND_CONTINUE = NO;
				GCC_PRECOMPILE_PREFIX_HEADER = YES;
				GCC_PREFIX_HEADER = "$(SYSTEM_LIBRARY_DIR)/Frameworks/UIKit.framework/Headers/UIKit.h";
				INFOPLIST_FILE = "ZergSupportTests-Info.plist";
				INSTALL_PATH = "$(HOME)/Applications";
				OTHER_LDFLAGS = (
					"-framework",
					Foundation,
					"-framework",
					UIKit,
					"-ObjC",
				);
				PREBINDING = NO;
				PRODUCT_NAME = ZergSupportTests;
				SDKROOT = iphoneos2.2.1;
				ZERO_LINK = NO;
			};
			name = Release;
		};
		57551FB80F4E0EBB0046B0EE /* Debug */ = {
			isa = XCBuildConfiguration;
			buildSettings = {
				ALWAYS_SEARCH_USER_PATHS = NO;
				COPY_PHASE_STRIP = NO;
				GCC_DYNAMIC_NO_PIC = NO;
				GCC_OPTIMIZATION_LEVEL = 0;
				LIBRARY_SEARCH_PATHS = (
					"$(inherited)",
					"\"$(SRCROOT)/build/Debug-iphonesimulator\"",
				);
				PREBINDING = NO;
				PRODUCT_NAME = ZergTestSupport;
			};
			name = Debug;
		};
		57551FB90F4E0EBB0046B0EE /* Release */ = {
			isa = XCBuildConfiguration;
			buildSettings = {
				ALWAYS_SEARCH_USER_PATHS = NO;
				COPY_PHASE_STRIP = YES;
				DEBUG_INFORMATION_FORMAT = "dwarf-with-dsym";
				GCC_ENABLE_FIX_AND_CONTINUE = NO;
				LIBRARY_SEARCH_PATHS = (
					"$(inherited)",
					"\"$(SRCROOT)/build/Debug-iphonesimulator\"",
				);
				PREBINDING = NO;
				PRODUCT_NAME = ZergTestSupport;
				ZERO_LINK = NO;
			};
			name = Release;
		};
		C01FCF4F08A954540054247B /* Debug */ = {
			isa = XCBuildConfiguration;
			buildSettings = {
				ARCHS = "$(ARCHS_STANDARD_32_BIT)";
				"CODE_SIGN_IDENTITY[sdk=iphoneos*]" = "iPhone Developer";
				GCC_C_LANGUAGE_STANDARD = c99;
				GCC_WARN_ABOUT_RETURN_TYPE = YES;
				GCC_WARN_UNUSED_VARIABLE = YES;
				ONLY_ACTIVE_ARCH = YES;
				PREBINDING = NO;
				SDKROOT = iphoneos2.2.1;
			};
			name = Debug;
		};
		C01FCF5008A954540054247B /* Release */ = {
			isa = XCBuildConfiguration;
			buildSettings = {
				ARCHS = "$(ARCHS_STANDARD_32_BIT)";
				"CODE_SIGN_IDENTITY[sdk=iphoneos*]" = "iPhone Developer";
				GCC_C_LANGUAGE_STANDARD = c99;
				GCC_WARN_ABOUT_RETURN_TYPE = YES;
				GCC_WARN_UNUSED_VARIABLE = YES;
				PREBINDING = NO;
				SDKROOT = iphoneos2.2.1;
			};
			name = Release;
		};
/* End XCBuildConfiguration section */

/* Begin XCConfigurationList section */
		57551CBC0F4DE1BB0046B0EE /* Build configuration list for PBXNativeTarget "ZergSupport" */ = {
			isa = XCConfigurationList;
			buildConfigurations = (
				57551CBA0F4DE19D0046B0EE /* Debug */,
				57551CBB0F4DE19D0046B0EE /* Release */,
			);
			defaultConfigurationIsVisible = 0;
			defaultConfigurationName = Release;
		};
		57551E3F0F4E0AE70046B0EE /* Build configuration list for PBXNativeTarget "ZergSupportTests" */ = {
			isa = XCConfigurationList;
			buildConfigurations = (
				57551E3D0F4E0AE70046B0EE /* Debug */,
				57551E3E0F4E0AE70046B0EE /* Release */,
			);
			defaultConfigurationIsVisible = 0;
			defaultConfigurationName = Release;
		};
		57551FBF0F4E0F0D0046B0EE /* Build configuration list for PBXNativeTarget "ZergTestSupport" */ = {
			isa = XCConfigurationList;
			buildConfigurations = (
				57551FB80F4E0EBB0046B0EE /* Debug */,
				57551FB90F4E0EBB0046B0EE /* Release */,
			);
			defaultConfigurationIsVisible = 0;
			defaultConfigurationName = Release;
		};
		C01FCF4E08A954540054247B /* Build configuration list for PBXProject "ZergSupport" */ = {
			isa = XCConfigurationList;
			buildConfigurations = (
				C01FCF4F08A954540054247B /* Debug */,
				C01FCF5008A954540054247B /* Release */,
			);
			defaultConfigurationIsVisible = 0;
			defaultConfigurationName = Release;
		};
/* End XCConfigurationList section */
	};
	rootObject = 29B97313FDCFA39411CA2CEA /* Project object */;
}
